
Microsoft Visual Studio Solution File, Format Version 12.00
# Visual Studio Version 16
VisualStudioVersion = 16.0.31613.86
MinimumVisualStudioVersion = 10.0.40219.1
Project("{9A19103F-16F7-4668-BE54-9A1E7A4F7556}") = "HelloConsole", "HelloConsole\HelloConsole.csproj", "{6985E042-D5E4-4835-A1D5-839220748CF7}"
EndProject
Project("{9A19103F-16F7-4668-BE54-9A1E7A4F7556}") = "BasicVariables", "BasicVariables\BasicVariables.csproj", "{AD955456-EE44-4A07-B59B-0256AD77CF85}"
EndProject
Project("{9A19103F-16F7-4668-BE54-9A1E7A4F7556}") = "Expressions", "Expressions\Expressions.csproj", "{808B64ED-726B-4EFA-8B1C-3380BB0F42BE}"
EndProject
Project("{9A19103F-16F7-4668-BE54-9A1E7A4F7556}") = "InputRocks", "..\InputRocks\InputRocks\InputRocks.csproj", "{ADE2BB89-483E-4B17-A818-DCD9EB72F927}"
EndProject
Project("{9A19103F-16F7-4668-BE54-9A1E7A4F7556}") = "FormattingStrings", "FormattingStrings\FormattingStrings.csproj", "{EF7A9775-DA6D-4AFD-A66E-600B8B64B07C}"
EndProject
Project("{9A19103F-16F7-4668-BE54-9A1E7A4F7556}") = "AllAboutNumbers", "AllAboutNumbers\AllAboutNumbers.csproj", "{B565C576-1AE2-44FF-B8B6-A345E4C4D2F7}"
EndProject
Project("{9A19103F-16F7-4668-BE54-9A1E7A4F7556}") = "BasicDecisions", "BasicDecisions\BasicDecisions.csproj", "{7722EB0A-8B2A-412B-8DA3-79D60E1FC6FD}"
EndProject
Project("{9A19103F-16F7-4668-BE54-9A1E7A4F7556}") = "Commission", "Commission\Commission.csproj", "{4369FB9F-A5BE-42D9-88AA-7C954C416892}"
EndProject
Project("{9A19103F-16F7-4668-BE54-9A1E7A4F7556}") = "ProgramExit", "ProgramExit\ProgramExit.csproj", "{07433FA2-3909-4FCE-8305-146A2970A5E3}"
EndProject
Project("{9A19103F-16F7-4668-BE54-9A1E7A4F7556}") = "TryParse", "TryParse\TryParse.csproj", "{3A0CD3EE-905B-4596-B4AD-905E53E0E28F}"
EndProject
Project("{9A19103F-16F7-4668-BE54-9A1E7A4F7556}") = "Switching", "Switching\Switching.csproj", "{91D406CA-A237-435A-A1AC-DFE2EE55301C}"
EndProject
Project("{9A19103F-16F7-4668-BE54-9A1E7A4F7556}") = "RandomGame", "RandomGame\RandomGame.csproj", "{BA0A00F8-8038-4FD3-B58A-93A47B17230D}"
EndProject
Project("{9A19103F-16F7-4668-BE54-9A1E7A4F7556}") = "CoolMath", "CoolMath\CoolMath.csproj", "{485B2A90-77E9-4B54-A0B5-CD818F16E9F5}"
EndProject
Project("{9A19103F-16F7-4668-BE54-9A1E7A4F7556}") = "MenuOptions", "MenuOptions\MenuOptions.csproj", "{439CFCFF-E522-4430-910C-F788C4AC22CE}"
EndProject
Project("{9A19103F-16F7-4668-BE54-9A1E7A4F7556}") = "DecisionMania", "DecisionMania\DecisionMania.csproj", "{38FD56CC-8F17-4B0E-85E4-F3213D120718}"
EndProject
Project("{9A19103F-16F7-4668-BE54-9A1E7A4F7556}") = "MockExam1_SwapMeet", "MockExam1_SwapMeet\MockExam1_SwapMeet.csproj", "{F2433240-8CF4-4091-B7DA-567DD008D34A}"
EndProject
Project("{9A19103F-16F7-4668-BE54-9A1E7A4F7556}") = "Mock1Exam_WingsHeaven", "Mock1_WingsHeaven\Mock1Exam_WingsHeaven.csproj", "{57A56424-6D21-43B6-A282-2B3F3979701E}"
EndProject
Project("{9A19103F-16F7-4668-BE54-9A1E7A4F7556}") = "Arrays", "Arrays\Arrays.csproj", "{64ABCBE2-04C0-498A-B805-E7A0D7B6C281}"
EndProject
Project("{9A19103F-16F7-4668-BE54-9A1E7A4F7556}") = "Loops", "Loops\Loops.csproj", "{FD87F565-01DE-49B0-9FFC-94B9FAC1923D}"
EndProject
Project("{9A19103F-16F7-4668-BE54-9A1E7A4F7556}") = "LoopsWithInput", "LoopsWithInput\LoopsWithInput.csproj", "{95BD9FCC-D9D7-4977-A38F-F3976EAE82B4}"
EndProject
Project("{9A19103F-16F7-4668-BE54-9A1E7A4F7556}") = "L33tArrays", "L33tArrays\L33tArrays.csproj", "{9E6A3DFC-C362-4FC1-88DA-53B680785AFC}"
EndProject
Project("{9A19103F-16F7-4668-BE54-9A1E7A4F7556}") = "ArraysWithInput", "ArraysWithInput\ArraysWithInput.csproj", "{69D61831-9FA1-4F56-A07C-84DE3D9BE03C}"
EndProject
Project("{9A19103F-16F7-4668-BE54-9A1E7A4F7556}") = "StringMagic", "StringMagic\StringMagic.csproj", "{B904A68A-BAD7-4AF8-AEDD-7852DC7B98F9}"
EndProject
Project("{9A19103F-16F7-4668-BE54-9A1E7A4F7556}") = "SimpleMethods", "SimpleMethods\SimpleMethods.csproj", "{52C31D47-A7A6-4B68-BE8F-A1983B0822E2}"
EndProject
Project("{9A19103F-16F7-4668-BE54-9A1E7A4F7556}") = "SimpleMethods2", "SimpleMethods2\SimpleMethods2.csproj", "{2044F9F1-C16C-4607-AF4F-84F5157330CA}"
EndProject
Project("{9A19103F-16F7-4668-BE54-9A1E7A4F7556}") = "TheNameGame", "TheNameGame\TheNameGame.csproj", "{19A1B0DB-9BD7-46BC-A040-1E8AEF789251}"
EndProject
Project("{9A19103F-16F7-4668-BE54-9A1E7A4F7556}") = "ParallelArrays", "ParallelArrays\ParallelArrays.csproj", "{7E4C63D7-FA11-4C65-BA66-17FDAB9FD889}"
EndProject
Project("{9A19103F-16F7-4668-BE54-9A1E7A4F7556}") = "StringAwesomeSauce", "StringAwesomeSauce\StringAwesomeSauce.csproj", "{F17D92B5-DC47-4A2D-8D44-413F5F98062A}"
EndProject
Project("{9A19103F-16F7-4668-BE54-9A1E7A4F7556}") = "IntroToOOP", "IntroToOOP\IntroToOOP.csproj", "{6205F32B-60B5-4E73-9482-86E7BCBF0CB7}"
EndProject
Project("{9A19103F-16F7-4668-BE54-9A1E7A4F7556}") = "PeachComputerCo", "PeachComputerCo\PeachComputerCo.csproj", "{17563AD3-D5E6-4F85-8EF9-A506BEB6680C}"
EndProject
Project("{9A19103F-16F7-4668-BE54-9A1E7A4F7556}") = "PracticePractical2", "PracticePractical2\PracticePractical2.csproj", "{BB775719-7B7D-4D51-B876-C48D08AC6BEB}"
EndProject
Project("{9A19103F-16F7-4668-BE54-9A1E7A4F7556}") = "TrimmingStrings", "TrimmingStrings\TrimmingStrings.csproj", "{1F987CE4-58EA-45E5-9776-44208C617345}"
EndProject
Project("{9A19103F-16F7-4668-BE54-9A1E7A4F7556}") = "DateTimeTravel", "DateTimeTravel\DateTimeTravel.csproj", "{B14341FD-841F-479D-A105-0835D6F81B02}"
EndProject
Project("{9A19103F-16F7-4668-BE54-9A1E7A4F7556}") = "Enumerations", "Enumerations\Enumerations.csproj", "{531747B1-1DFB-4E59-B13F-D89F4CAED8AB}"
EndProject
Project("{9A19103F-16F7-4668-BE54-9A1E7A4F7556}") = "PeachComputerCoList", "PeachComputerCoList\PeachComputerCoList.csproj", "{01045B34-06C2-4B79-998E-BB8B8CD9BB81}"
EndProject
Project("{9A19103F-16F7-4668-BE54-9A1E7A4F7556}") = "CarFactory", "CarFactory\CarFactory.csproj", "{5194EA09-AEC3-4D55-A653-DCB5715A8F85}"
EndProject
Project("{9A19103F-16F7-4668-BE54-9A1E7A4F7556}") = "WritingToFiles", "WritingToFiles\WritingToFiles.csproj", "{9E6C4800-DB43-4622-8A29-6ACB5C3FD484}"
EndProject
Project("{9A19103F-16F7-4668-BE54-9A1E7A4F7556}") = "ReadingFromFiles", "ReadingFromFiles\ReadingFromFiles.csproj", "{65ACB169-406E-45DE-B75D-896EB265BB34}"
EndProject
Project("{9A19103F-16F7-4668-BE54-9A1E7A4F7556}") = "CSVFiles", "CSVFiles\CSVFiles.csproj", "{B0B1CA0A-7B0A-4F93-BCBC-B8121ED35B7A}"
EndProject
Project("{FAE04EC0-301F-11D3-BF4B-00C04F79EFBC}") = "JSONTime", "JSONTime\JSONTime.csproj", "{577ABF62-2609-4D14-A762-672F0C48110F}"
EndProject
Global
	GlobalSection(SolutionConfigurationPlatforms) = preSolution
		Debug|Any CPU = Debug|Any CPU
		Release|Any CPU = Release|Any CPU
	EndGlobalSection
	GlobalSection(ProjectConfigurationPlatforms) = postSolution
		{6985E042-D5E4-4835-A1D5-839220748CF7}.Debug|Any CPU.ActiveCfg = Debug|Any CPU
		{6985E042-D5E4-4835-A1D5-839220748CF7}.Debug|Any CPU.Build.0 = Debug|Any CPU
		{6985E042-D5E4-4835-A1D5-839220748CF7}.Release|Any CPU.ActiveCfg = Release|Any CPU
		{6985E042-D5E4-4835-A1D5-839220748CF7}.Release|Any CPU.Build.0 = Release|Any CPU
		{AD955456-EE44-4A07-B59B-0256AD77CF85}.Debug|Any CPU.ActiveCfg = Debug|Any CPU
		{AD955456-EE44-4A07-B59B-0256AD77CF85}.Debug|Any CPU.Build.0 = Debug|Any CPU
		{AD955456-EE44-4A07-B59B-0256AD77CF85}.Release|Any CPU.ActiveCfg = Release|Any CPU
		{AD955456-EE44-4A07-B59B-0256AD77CF85}.Release|Any CPU.Build.0 = Release|Any CPU
		{808B64ED-726B-4EFA-8B1C-3380BB0F42BE}.Debug|Any CPU.ActiveCfg = Debug|Any CPU
		{808B64ED-726B-4EFA-8B1C-3380BB0F42BE}.Debug|Any CPU.Build.0 = Debug|Any CPU
		{808B64ED-726B-4EFA-8B1C-3380BB0F42BE}.Release|Any CPU.ActiveCfg = Release|Any CPU
		{808B64ED-726B-4EFA-8B1C-3380BB0F42BE}.Release|Any CPU.Build.0 = Release|Any CPU
		{ADE2BB89-483E-4B17-A818-DCD9EB72F927}.Debug|Any CPU.ActiveCfg = Debug|Any CPU
		{ADE2BB89-483E-4B17-A818-DCD9EB72F927}.Debug|Any CPU.Build.0 = Debug|Any CPU
		{ADE2BB89-483E-4B17-A818-DCD9EB72F927}.Release|Any CPU.ActiveCfg = Release|Any CPU
		{ADE2BB89-483E-4B17-A818-DCD9EB72F927}.Release|Any CPU.Build.0 = Release|Any CPU
		{EF7A9775-DA6D-4AFD-A66E-600B8B64B07C}.Debug|Any CPU.ActiveCfg = Debug|Any CPU
		{EF7A9775-DA6D-4AFD-A66E-600B8B64B07C}.Debug|Any CPU.Build.0 = Debug|Any CPU
		{EF7A9775-DA6D-4AFD-A66E-600B8B64B07C}.Release|Any CPU.ActiveCfg = Release|Any CPU
		{EF7A9775-DA6D-4AFD-A66E-600B8B64B07C}.Release|Any CPU.Build.0 = Release|Any CPU
		{B565C576-1AE2-44FF-B8B6-A345E4C4D2F7}.Debug|Any CPU.ActiveCfg = Debug|Any CPU
		{B565C576-1AE2-44FF-B8B6-A345E4C4D2F7}.Debug|Any CPU.Build.0 = Debug|Any CPU
		{B565C576-1AE2-44FF-B8B6-A345E4C4D2F7}.Release|Any CPU.ActiveCfg = Release|Any CPU
		{B565C576-1AE2-44FF-B8B6-A345E4C4D2F7}.Release|Any CPU.Build.0 = Release|Any CPU
		{7722EB0A-8B2A-412B-8DA3-79D60E1FC6FD}.Debug|Any CPU.ActiveCfg = Debug|Any CPU
		{7722EB0A-8B2A-412B-8DA3-79D60E1FC6FD}.Debug|Any CPU.Build.0 = Debug|Any CPU
		{7722EB0A-8B2A-412B-8DA3-79D60E1FC6FD}.Release|Any CPU.ActiveCfg = Release|Any CPU
		{7722EB0A-8B2A-412B-8DA3-79D60E1FC6FD}.Release|Any CPU.Build.0 = Release|Any CPU
		{4369FB9F-A5BE-42D9-88AA-7C954C416892}.Debug|Any CPU.ActiveCfg = Debug|Any CPU
		{4369FB9F-A5BE-42D9-88AA-7C954C416892}.Debug|Any CPU.Build.0 = Debug|Any CPU
		{4369FB9F-A5BE-42D9-88AA-7C954C416892}.Release|Any CPU.ActiveCfg = Release|Any CPU
		{4369FB9F-A5BE-42D9-88AA-7C954C416892}.Release|Any CPU.Build.0 = Release|Any CPU
		{07433FA2-3909-4FCE-8305-146A2970A5E3}.Debug|Any CPU.ActiveCfg = Debug|Any CPU
		{07433FA2-3909-4FCE-8305-146A2970A5E3}.Debug|Any CPU.Build.0 = Debug|Any CPU
		{07433FA2-3909-4FCE-8305-146A2970A5E3}.Release|Any CPU.ActiveCfg = Release|Any CPU
		{07433FA2-3909-4FCE-8305-146A2970A5E3}.Release|Any CPU.Build.0 = Release|Any CPU
		{3A0CD3EE-905B-4596-B4AD-905E53E0E28F}.Debug|Any CPU.ActiveCfg = Debug|Any CPU
		{3A0CD3EE-905B-4596-B4AD-905E53E0E28F}.Debug|Any CPU.Build.0 = Debug|Any CPU
		{3A0CD3EE-905B-4596-B4AD-905E53E0E28F}.Release|Any CPU.ActiveCfg = Release|Any CPU
		{3A0CD3EE-905B-4596-B4AD-905E53E0E28F}.Release|Any CPU.Build.0 = Release|Any CPU
		{91D406CA-A237-435A-A1AC-DFE2EE55301C}.Debug|Any CPU.ActiveCfg = Debug|Any CPU
		{91D406CA-A237-435A-A1AC-DFE2EE55301C}.Debug|Any CPU.Build.0 = Debug|Any CPU
		{91D406CA-A237-435A-A1AC-DFE2EE55301C}.Release|Any CPU.ActiveCfg = Release|Any CPU
		{91D406CA-A237-435A-A1AC-DFE2EE55301C}.Release|Any CPU.Build.0 = Release|Any CPU
		{BA0A00F8-8038-4FD3-B58A-93A47B17230D}.Debug|Any CPU.ActiveCfg = Debug|Any CPU
		{BA0A00F8-8038-4FD3-B58A-93A47B17230D}.Debug|Any CPU.Build.0 = Debug|Any CPU
		{BA0A00F8-8038-4FD3-B58A-93A47B17230D}.Release|Any CPU.ActiveCfg = Release|Any CPU
		{BA0A00F8-8038-4FD3-B58A-93A47B17230D}.Release|Any CPU.Build.0 = Release|Any CPU
		{485B2A90-77E9-4B54-A0B5-CD818F16E9F5}.Debug|Any CPU.ActiveCfg = Debug|Any CPU
		{485B2A90-77E9-4B54-A0B5-CD818F16E9F5}.Debug|Any CPU.Build.0 = Debug|Any CPU
		{485B2A90-77E9-4B54-A0B5-CD818F16E9F5}.Release|Any CPU.ActiveCfg = Release|Any CPU
		{485B2A90-77E9-4B54-A0B5-CD818F16E9F5}.Release|Any CPU.Build.0 = Release|Any CPU
		{439CFCFF-E522-4430-910C-F788C4AC22CE}.Debug|Any CPU.ActiveCfg = Debug|Any CPU
		{439CFCFF-E522-4430-910C-F788C4AC22CE}.Debug|Any CPU.Build.0 = Debug|Any CPU
		{439CFCFF-E522-4430-910C-F788C4AC22CE}.Release|Any CPU.ActiveCfg = Release|Any CPU
		{439CFCFF-E522-4430-910C-F788C4AC22CE}.Release|Any CPU.Build.0 = Release|Any CPU
		{38FD56CC-8F17-4B0E-85E4-F3213D120718}.Debug|Any CPU.ActiveCfg = Debug|Any CPU
		{38FD56CC-8F17-4B0E-85E4-F3213D120718}.Debug|Any CPU.Build.0 = Debug|Any CPU
		{38FD56CC-8F17-4B0E-85E4-F3213D120718}.Release|Any CPU.ActiveCfg = Release|Any CPU
		{38FD56CC-8F17-4B0E-85E4-F3213D120718}.Release|Any CPU.Build.0 = Release|Any CPU
		{F2433240-8CF4-4091-B7DA-567DD008D34A}.Debug|Any CPU.ActiveCfg = Debug|Any CPU
		{F2433240-8CF4-4091-B7DA-567DD008D34A}.Debug|Any CPU.Build.0 = Debug|Any CPU
		{F2433240-8CF4-4091-B7DA-567DD008D34A}.Release|Any CPU.ActiveCfg = Release|Any CPU
		{F2433240-8CF4-4091-B7DA-567DD008D34A}.Release|Any CPU.Build.0 = Release|Any CPU
		{57A56424-6D21-43B6-A282-2B3F3979701E}.Debug|Any CPU.ActiveCfg = Debug|Any CPU
		{57A56424-6D21-43B6-A282-2B3F3979701E}.Debug|Any CPU.Build.0 = Debug|Any CPU
		{57A56424-6D21-43B6-A282-2B3F3979701E}.Release|Any CPU.ActiveCfg = Release|Any CPU
		{57A56424-6D21-43B6-A282-2B3F3979701E}.Release|Any CPU.Build.0 = Release|Any CPU
		{64ABCBE2-04C0-498A-B805-E7A0D7B6C281}.Debug|Any CPU.ActiveCfg = Debug|Any CPU
		{64ABCBE2-04C0-498A-B805-E7A0D7B6C281}.Debug|Any CPU.Build.0 = Debug|Any CPU
		{64ABCBE2-04C0-498A-B805-E7A0D7B6C281}.Release|Any CPU.ActiveCfg = Release|Any CPU
		{64ABCBE2-04C0-498A-B805-E7A0D7B6C281}.Release|Any CPU.Build.0 = Release|Any CPU
		{FD87F565-01DE-49B0-9FFC-94B9FAC1923D}.Debug|Any CPU.ActiveCfg = Debug|Any CPU
		{FD87F565-01DE-49B0-9FFC-94B9FAC1923D}.Debug|Any CPU.Build.0 = Debug|Any CPU
		{FD87F565-01DE-49B0-9FFC-94B9FAC1923D}.Release|Any CPU.ActiveCfg = Release|Any CPU
		{FD87F565-01DE-49B0-9FFC-94B9FAC1923D}.Release|Any CPU.Build.0 = Release|Any CPU
		{95BD9FCC-D9D7-4977-A38F-F3976EAE82B4}.Debug|Any CPU.ActiveCfg = Debug|Any CPU
		{95BD9FCC-D9D7-4977-A38F-F3976EAE82B4}.Debug|Any CPU.Build.0 = Debug|Any CPU
		{95BD9FCC-D9D7-4977-A38F-F3976EAE82B4}.Release|Any CPU.ActiveCfg = Release|Any CPU
		{95BD9FCC-D9D7-4977-A38F-F3976EAE82B4}.Release|Any CPU.Build.0 = Release|Any CPU
		{9E6A3DFC-C362-4FC1-88DA-53B680785AFC}.Debug|Any CPU.ActiveCfg = Debug|Any CPU
		{9E6A3DFC-C362-4FC1-88DA-53B680785AFC}.Debug|Any CPU.Build.0 = Debug|Any CPU
		{9E6A3DFC-C362-4FC1-88DA-53B680785AFC}.Release|Any CPU.ActiveCfg = Release|Any CPU
		{9E6A3DFC-C362-4FC1-88DA-53B680785AFC}.Release|Any CPU.Build.0 = Release|Any CPU
		{69D61831-9FA1-4F56-A07C-84DE3D9BE03C}.Debug|Any CPU.ActiveCfg = Debug|Any CPU
		{69D61831-9FA1-4F56-A07C-84DE3D9BE03C}.Debug|Any CPU.Build.0 = Debug|Any CPU
		{69D61831-9FA1-4F56-A07C-84DE3D9BE03C}.Release|Any CPU.ActiveCfg = Release|Any CPU
		{69D61831-9FA1-4F56-A07C-84DE3D9BE03C}.Release|Any CPU.Build.0 = Release|Any CPU
		{B904A68A-BAD7-4AF8-AEDD-7852DC7B98F9}.Debug|Any CPU.ActiveCfg = Debug|Any CPU
		{B904A68A-BAD7-4AF8-AEDD-7852DC7B98F9}.Debug|Any CPU.Build.0 = Debug|Any CPU
		{B904A68A-BAD7-4AF8-AEDD-7852DC7B98F9}.Release|Any CPU.ActiveCfg = Release|Any CPU
		{B904A68A-BAD7-4AF8-AEDD-7852DC7B98F9}.Release|Any CPU.Build.0 = Release|Any CPU
		{52C31D47-A7A6-4B68-BE8F-A1983B0822E2}.Debug|Any CPU.ActiveCfg = Debug|Any CPU
		{52C31D47-A7A6-4B68-BE8F-A1983B0822E2}.Debug|Any CPU.Build.0 = Debug|Any CPU
		{52C31D47-A7A6-4B68-BE8F-A1983B0822E2}.Release|Any CPU.ActiveCfg = Release|Any CPU
		{52C31D47-A7A6-4B68-BE8F-A1983B0822E2}.Release|Any CPU.Build.0 = Release|Any CPU
		{2044F9F1-C16C-4607-AF4F-84F5157330CA}.Debug|Any CPU.ActiveCfg = Debug|Any CPU
		{2044F9F1-C16C-4607-AF4F-84F5157330CA}.Debug|Any CPU.Build.0 = Debug|Any CPU
		{2044F9F1-C16C-4607-AF4F-84F5157330CA}.Release|Any CPU.ActiveCfg = Release|Any CPU
		{2044F9F1-C16C-4607-AF4F-84F5157330CA}.Release|Any CPU.Build.0 = Release|Any CPU
		{19A1B0DB-9BD7-46BC-A040-1E8AEF789251}.Debug|Any CPU.ActiveCfg = Debug|Any CPU
		{19A1B0DB-9BD7-46BC-A040-1E8AEF789251}.Debug|Any CPU.Build.0 = Debug|Any CPU
		{19A1B0DB-9BD7-46BC-A040-1E8AEF789251}.Release|Any CPU.ActiveCfg = Release|Any CPU
		{19A1B0DB-9BD7-46BC-A040-1E8AEF789251}.Release|Any CPU.Build.0 = Release|Any CPU
		{7E4C63D7-FA11-4C65-BA66-17FDAB9FD889}.Debug|Any CPU.ActiveCfg = Debug|Any CPU
		{7E4C63D7-FA11-4C65-BA66-17FDAB9FD889}.Debug|Any CPU.Build.0 = Debug|Any CPU
		{7E4C63D7-FA11-4C65-BA66-17FDAB9FD889}.Release|Any CPU.ActiveCfg = Release|Any CPU
		{7E4C63D7-FA11-4C65-BA66-17FDAB9FD889}.Release|Any CPU.Build.0 = Release|Any CPU
		{F17D92B5-DC47-4A2D-8D44-413F5F98062A}.Debug|Any CPU.ActiveCfg = Debug|Any CPU
		{F17D92B5-DC47-4A2D-8D44-413F5F98062A}.Debug|Any CPU.Build.0 = Debug|Any CPU
		{F17D92B5-DC47-4A2D-8D44-413F5F98062A}.Release|Any CPU.ActiveCfg = Release|Any CPU
		{F17D92B5-DC47-4A2D-8D44-413F5F98062A}.Release|Any CPU.Build.0 = Release|Any CPU
		{6205F32B-60B5-4E73-9482-86E7BCBF0CB7}.Debug|Any CPU.ActiveCfg = Debug|Any CPU
		{6205F32B-60B5-4E73-9482-86E7BCBF0CB7}.Debug|Any CPU.Build.0 = Debug|Any CPU
		{6205F32B-60B5-4E73-9482-86E7BCBF0CB7}.Release|Any CPU.ActiveCfg = Release|Any CPU
		{6205F32B-60B5-4E73-9482-86E7BCBF0CB7}.Release|Any CPU.Build.0 = Release|Any CPU
		{17563AD3-D5E6-4F85-8EF9-A506BEB6680C}.Debug|Any CPU.ActiveCfg = Debug|Any CPU
		{17563AD3-D5E6-4F85-8EF9-A506BEB6680C}.Debug|Any CPU.Build.0 = Debug|Any CPU
		{17563AD3-D5E6-4F85-8EF9-A506BEB6680C}.Release|Any CPU.ActiveCfg = Release|Any CPU
		{17563AD3-D5E6-4F85-8EF9-A506BEB6680C}.Release|Any CPU.Build.0 = Release|Any CPU
		{BB775719-7B7D-4D51-B876-C48D08AC6BEB}.Debug|Any CPU.ActiveCfg = Debug|Any CPU
		{BB775719-7B7D-4D51-B876-C48D08AC6BEB}.Debug|Any CPU.Build.0 = Debug|Any CPU
		{BB775719-7B7D-4D51-B876-C48D08AC6BEB}.Release|Any CPU.ActiveCfg = Release|Any CPU
		{BB775719-7B7D-4D51-B876-C48D08AC6BEB}.Release|Any CPU.Build.0 = Release|Any CPU
		{1F987CE4-58EA-45E5-9776-44208C617345}.Debug|Any CPU.ActiveCfg = Debug|Any CPU
		{1F987CE4-58EA-45E5-9776-44208C617345}.Debug|Any CPU.Build.0 = Debug|Any CPU
		{1F987CE4-58EA-45E5-9776-44208C617345}.Release|Any CPU.ActiveCfg = Release|Any CPU
		{1F987CE4-58EA-45E5-9776-44208C617345}.Release|Any CPU.Build.0 = Release|Any CPU
		{B14341FD-841F-479D-A105-0835D6F81B02}.Debug|Any CPU.ActiveCfg = Debug|Any CPU
		{B14341FD-841F-479D-A105-0835D6F81B02}.Debug|Any CPU.Build.0 = Debug|Any CPU
		{B14341FD-841F-479D-A105-0835D6F81B02}.Release|Any CPU.ActiveCfg = Release|Any CPU
		{B14341FD-841F-479D-A105-0835D6F81B02}.Release|Any CPU.Build.0 = Release|Any CPU
		{531747B1-1DFB-4E59-B13F-D89F4CAED8AB}.Debug|Any CPU.ActiveCfg = Debug|Any CPU
		{531747B1-1DFB-4E59-B13F-D89F4CAED8AB}.Debug|Any CPU.Build.0 = Debug|Any CPU
		{531747B1-1DFB-4E59-B13F-D89F4CAED8AB}.Release|Any CPU.ActiveCfg = Release|Any CPU
		{531747B1-1DFB-4E59-B13F-D89F4CAED8AB}.Release|Any CPU.Build.0 = Release|Any CPU
		{01045B34-06C2-4B79-998E-BB8B8CD9BB81}.Debug|Any CPU.ActiveCfg = Debug|Any CPU
		{01045B34-06C2-4B79-998E-BB8B8CD9BB81}.Debug|Any CPU.Build.0 = Debug|Any CPU
		{01045B34-06C2-4B79-998E-BB8B8CD9BB81}.Release|Any CPU.ActiveCfg = Release|Any CPU
		{01045B34-06C2-4B79-998E-BB8B8CD9BB81}.Release|Any CPU.Build.0 = Release|Any CPU
		{5194EA09-AEC3-4D55-A653-DCB5715A8F85}.Debug|Any CPU.ActiveCfg = Debug|Any CPU
		{5194EA09-AEC3-4D55-A653-DCB5715A8F85}.Debug|Any CPU.Build.0 = Debug|Any CPU
		{5194EA09-AEC3-4D55-A653-DCB5715A8F85}.Release|Any CPU.ActiveCfg = Release|Any CPU
		{5194EA09-AEC3-4D55-A653-DCB5715A8F85}.Release|Any CPU.Build.0 = Release|Any CPU
		{9E6C4800-DB43-4622-8A29-6ACB5C3FD484}.Debug|Any CPU.ActiveCfg = Debug|Any CPU
		{9E6C4800-DB43-4622-8A29-6ACB5C3FD484}.Debug|Any CPU.Build.0 = Debug|Any CPU
		{9E6C4800-DB43-4622-8A29-6ACB5C3FD484}.Release|Any CPU.ActiveCfg = Release|Any CPU
		{9E6C4800-DB43-4622-8A29-6ACB5C3FD484}.Release|Any CPU.Build.0 = Release|Any CPU
		{65ACB169-406E-45DE-B75D-896EB265BB34}.Debug|Any CPU.ActiveCfg = Debug|Any CPU
		{65ACB169-406E-45DE-B75D-896EB265BB34}.Debug|Any CPU.Build.0 = Debug|Any CPU
		{65ACB169-406E-45DE-B75D-896EB265BB34}.Release|Any CPU.ActiveCfg = Release|Any CPU
		{65ACB169-406E-45DE-B75D-896EB265BB34}.Release|Any CPU.Build.0 = Release|Any CPU
		{B0B1CA0A-7B0A-4F93-BCBC-B8121ED35B7A}.Debug|Any CPU.ActiveCfg = Debug|Any CPU
		{B0B1CA0A-7B0A-4F93-BCBC-B8121ED35B7A}.Debug|Any CPU.Build.0 = Debug|Any CPU
		{B0B1CA0A-7B0A-4F93-BCBC-B8121ED35B7A}.Release|Any CPU.ActiveCfg = Release|Any CPU
		{B0B1CA0A-7B0A-4F93-BCBC-B8121ED35B7A}.Release|Any CPU.Build.0 = Release|Any CPU
		{577ABF62-2609-4D14-A762-672F0C48110F}.Debug|Any CPU.ActiveCfg = Debug|Any CPU
		{577ABF62-2609-4D14-A762-672F0C48110F}.Debug|Any CPU.Build.0 = Debug|Any CPU
		{577ABF62-2609-4D14-A762-672F0C48110F}.Release|Any CPU.ActiveCfg = Release|Any CPU
		{577ABF62-2609-4D14-A762-672F0C48110F}.Release|Any CPU.Build.0 = Release|Any CPU
	EndGlobalSection
	GlobalSection(SolutionProperties) = preSolution
		HideSolutionNode = FALSE
	EndGlobalSection
	GlobalSection(ExtensibilityGlobals) = postSolution
		SolutionGuid = {EDA6A3BE-1327-4FE3-89CD-C1286A024E1D}
	EndGlobalSection
EndGlobal
